// !$*UTF8*$!
{
	archiveVersion = 1;
	classes = {
	};
	objectVersion = 52;
	objects = {

/* Begin PBXBuildFile section */
		101186FD25B3872B009F1E47 /* CustomTextField.swift in Sources */ = {isa = PBXBuildFile; fileRef = 101186FC25B3872B009F1E47 /* CustomTextField.swift */; };
		10C959D025B0F0970056EC9E /* TodoAppApp.swift in Sources */ = {isa = PBXBuildFile; fileRef = 10C959CF25B0F0970056EC9E /* TodoAppApp.swift */; };
		10C959D225B0F0970056EC9E /* ContentView.swift in Sources */ = {isa = PBXBuildFile; fileRef = 10C959D125B0F0970056EC9E /* ContentView.swift */; };
		10C959D425B0F09B0056EC9E /* Assets.xcassets in Resources */ = {isa = PBXBuildFile; fileRef = 10C959D325B0F09B0056EC9E /* Assets.xcassets */; };
		10C959D725B0F09B0056EC9E /* Preview Assets.xcassets in Resources */ = {isa = PBXBuildFile; fileRef = 10C959D625B0F09B0056EC9E /* Preview Assets.xcassets */; };
		10C959E325B0F2690056EC9E /* TodoList.swift in Sources */ = {isa = PBXBuildFile; fileRef = 10C959E225B0F2690056EC9E /* TodoList.swift */; };
		10C959E625B0F2760056EC9E /* DoneTodos.swift in Sources */ = {isa = PBXBuildFile; fileRef = 10C959E525B0F2760056EC9E /* DoneTodos.swift */; };
		10C959EF25B0F4E10056EC9E /* SearchTodos.swift in Sources */ = {isa = PBXBuildFile; fileRef = 10C959EE25B0F4E10056EC9E /* SearchTodos.swift */; };
		10C959F225B0F85C0056EC9E /* CustomSearchbar.swift in Sources */ = {isa = PBXBuildFile; fileRef = 10C959F125B0F85C0056EC9E /* CustomSearchbar.swift */; };
		10C959F525B0F9370056EC9E /* TodoView.swift in Sources */ = {isa = PBXBuildFile; fileRef = 10C959F425B0F9370056EC9E /* TodoView.swift */; };
		10C959F825B0F97B0056EC9E /* TodoCell.swift in Sources */ = {isa = PBXBuildFile; fileRef = 10C959F725B0F97B0056EC9E /* TodoCell.swift */; };
		10C959FC25B100F70056EC9E /* NewTodo.swift in Sources */ = {isa = PBXBuildFile; fileRef = 10C959FB25B100F70056EC9E /* NewTodo.swift */; };
		10C959FF25B10BC70056EC9E /* GoogleService-Info.plist in Resources */ = {isa = PBXBuildFile; fileRef = 10C959FE25B10BC70056EC9E /* GoogleService-Info.plist */; };
		10C95A0325B111E40056EC9E /* FirebaseFunctions in Frameworks */ = {isa = PBXBuildFile; productRef = 10C95A0225B111E40056EC9E /* FirebaseFunctions */; };
		10C95A0525B111E40056EC9E /* FirebaseStorage in Frameworks */ = {isa = PBXBuildFile; productRef = 10C95A0425B111E40056EC9E /* FirebaseStorage */; };
		10C95A0725B111E40056EC9E /* FirebaseAuth in Frameworks */ = {isa = PBXBuildFile; productRef = 10C95A0625B111E40056EC9E /* FirebaseAuth */; };
		10C95A0925B111E40056EC9E /* FirebaseFirestore in Frameworks */ = {isa = PBXBuildFile; productRef = 10C95A0825B111E40056EC9E /* FirebaseFirestore */; };
		10C95A0E25B1120B0056EC9E /* LoginView.swift in Sources */ = {isa = PBXBuildFile; fileRef = 10C95A0D25B1120B0056EC9E /* LoginView.swift */; };
		10C95A1225B112F80056EC9E /* SignupView.swift in Sources */ = {isa = PBXBuildFile; fileRef = 10C95A1125B112F80056EC9E /* SignupView.swift */; };
		10C95A1725B1135E0056EC9E /* User.swift in Sources */ = {isa = PBXBuildFile; fileRef = 10C95A1625B1135E0056EC9E /* User.swift */; };
		10C95A1B25B113A10056EC9E /* Auth.swift in Sources */ = {isa = PBXBuildFile; fileRef = 10C95A1A25B113A10056EC9E /* Auth.swift */; };
		10C95A2025B115AC0056EC9E /* CustomSecureField.swift in Sources */ = {isa = PBXBuildFile; fileRef = 10C95A1F25B115AC0056EC9E /* CustomSecureField.swift */; };
/* End PBXBuildFile section */

/* Begin PBXFileReference section */
		101186FC25B3872B009F1E47 /* CustomTextField.swift */ = {isa = PBXFileReference; lastKnownFileType = sourcecode.swift; path = CustomTextField.swift; sourceTree = "<group>"; };
		10C959CC25B0F0970056EC9E /* TodoApp.app */ = {isa = PBXFileReference; explicitFileType = wrapper.application; includeInIndex = 0; path = TodoApp.app; sourceTree = BUILT_PRODUCTS_DIR; };
		10C959CF25B0F0970056EC9E /* TodoAppApp.swift */ = {isa = PBXFileReference; lastKnownFileType = sourcecode.swift; path = TodoAppApp.swift; sourceTree = "<group>"; };
		10C959D125B0F0970056EC9E /* ContentView.swift */ = {isa = PBXFileReference; lastKnownFileType = sourcecode.swift; path = ContentView.swift; sourceTree = "<group>"; };
		10C959D325B0F09B0056EC9E /* Assets.xcassets */ = {isa = PBXFileReference; lastKnownFileType = folder.assetcatalog; path = Assets.xcassets; sourceTree = "<group>"; };
		10C959D625B0F09B0056EC9E /* Preview Assets.xcassets */ = {isa = PBXFileReference; lastKnownFileType = folder.assetcatalog; path = "Preview Assets.xcassets"; sourceTree = "<group>"; };
		10C959D825B0F09B0056EC9E /* Info.plist */ = {isa = PBXFileReference; lastKnownFileType = text.plist.xml; path = Info.plist; sourceTree = "<group>"; };
		10C959E225B0F2690056EC9E /* TodoList.swift */ = {isa = PBXFileReference; lastKnownFileType = sourcecode.swift; path = TodoList.swift; sourceTree = "<group>"; };
		10C959E525B0F2760056EC9E /* DoneTodos.swift */ = {isa = PBXFileReference; lastKnownFileType = sourcecode.swift; path = DoneTodos.swift; sourceTree = "<group>"; };
		10C959EE25B0F4E10056EC9E /* SearchTodos.swift */ = {isa = PBXFileReference; lastKnownFileType = sourcecode.swift; path = SearchTodos.swift; sourceTree = "<group>"; };
		10C959F125B0F85C0056EC9E /* CustomSearchbar.swift */ = {isa = PBXFileReference; lastKnownFileType = sourcecode.swift; path = CustomSearchbar.swift; sourceTree = "<group>"; };
		10C959F425B0F9370056EC9E /* TodoView.swift */ = {isa = PBXFileReference; lastKnownFileType = sourcecode.swift; path = TodoView.swift; sourceTree = "<group>"; };
		10C959F725B0F97B0056EC9E /* TodoCell.swift */ = {isa = PBXFileReference; lastKnownFileType = sourcecode.swift; path = TodoCell.swift; sourceTree = "<group>"; };
		10C959FB25B100F70056EC9E /* NewTodo.swift */ = {isa = PBXFileReference; lastKnownFileType = sourcecode.swift; path = NewTodo.swift; sourceTree = "<group>"; };
		10C959FE25B10BC70056EC9E /* GoogleService-Info.plist */ = {isa = PBXFileReference; fileEncoding = 4; lastKnownFileType = text.plist.xml; path = "GoogleService-Info.plist"; sourceTree = "<group>"; };
		10C95A0D25B1120B0056EC9E /* LoginView.swift */ = {isa = PBXFileReference; lastKnownFileType = sourcecode.swift; path = LoginView.swift; sourceTree = "<group>"; };
		10C95A1125B112F80056EC9E /* SignupView.swift */ = {isa = PBXFileReference; lastKnownFileType = sourcecode.swift; path = SignupView.swift; sourceTree = "<group>"; };
		10C95A1625B1135E0056EC9E /* User.swift */ = {isa = PBXFileReference; lastKnownFileType = sourcecode.swift; path = User.swift; sourceTree = "<group>"; };
		10C95A1A25B113A10056EC9E /* Auth.swift */ = {isa = PBXFileReference; lastKnownFileType = sourcecode.swift; path = Auth.swift; sourceTree = "<group>"; };
		10C95A1F25B115AC0056EC9E /* CustomSecureField.swift */ = {isa = PBXFileReference; lastKnownFileType = sourcecode.swift; path = CustomSecureField.swift; sourceTree = "<group>"; };
/* End PBXFileReference section */

/* Begin PBXFrameworksBuildPhase section */
		10C959C925B0F0970056EC9E /* Frameworks */ = {
			isa = PBXFrameworksBuildPhase;
			buildActionMask = 2147483647;
			files = (
				10C95A0325B111E40056EC9E /* FirebaseFunctions in Frameworks */,
				10C95A0925B111E40056EC9E /* FirebaseFirestore in Frameworks */,
				10C95A0725B111E40056EC9E /* FirebaseAuth in Frameworks */,
				10C95A0525B111E40056EC9E /* FirebaseStorage in Frameworks */,
			);
			runOnlyForDeploymentPostprocessing = 0;
		};
/* End PBXFrameworksBuildPhase section */

/* Begin PBXGroup section */
		10C959C325B0F0970056EC9E = {
			isa = PBXGroup;
			children = (
				10C959CE25B0F0970056EC9E /* TodoApp */,
				10C959CD25B0F0970056EC9E /* Products */,
			);
			sourceTree = "<group>";
		};
		10C959CD25B0F0970056EC9E /* Products */ = {
			isa = PBXGroup;
			children = (
				10C959CC25B0F0970056EC9E /* TodoApp.app */,
			);
			name = Products;
			sourceTree = "<group>";
		};
		10C959CE25B0F0970056EC9E /* TodoApp */ = {
			isa = PBXGroup;
			children = (
				10C95A1925B113910056EC9E /* ModelView */,
				10C95A1425B113490056EC9E /* Model */,
				10C959E825B0F4530056EC9E /* CustomComponents */,
				10C959DF25B0F0BC0056EC9E /* View */,
				10C959CF25B0F0970056EC9E /* TodoAppApp.swift */,
				10C959D325B0F09B0056EC9E /* Assets.xcassets */,
				10C959FE25B10BC70056EC9E /* GoogleService-Info.plist */,
				10C959D825B0F09B0056EC9E /* Info.plist */,
				10C959D525B0F09B0056EC9E /* Preview Content */,
			);
			path = TodoApp;
			sourceTree = "<group>";
		};
		10C959D525B0F09B0056EC9E /* Preview Content */ = {
			isa = PBXGroup;
			children = (
				10C959D625B0F09B0056EC9E /* Preview Assets.xcassets */,
			);
			path = "Preview Content";
			sourceTree = "<group>";
		};
		10C959DF25B0F0BC0056EC9E /* View */ = {
			isa = PBXGroup;
			children = (
				10C95A0B25B111FE0056EC9E /* AuthView */,
				10C959D125B0F0970056EC9E /* ContentView.swift */,
				10C959F425B0F9370056EC9E /* TodoView.swift */,
				10C959EE25B0F4E10056EC9E /* SearchTodos.swift */,
				10C959F725B0F97B0056EC9E /* TodoCell.swift */,
				10C959FB25B100F70056EC9E /* NewTodo.swift */,
				10C959E225B0F2690056EC9E /* TodoList.swift */,
				10C959E525B0F2760056EC9E /* DoneTodos.swift */,
			);
			path = View;
			sourceTree = "<group>";
		};
		10C959E825B0F4530056EC9E /* CustomComponents */ = {
			isa = PBXGroup;
			children = (
				10C959F125B0F85C0056EC9E /* CustomSearchbar.swift */,
				101186FC25B3872B009F1E47 /* CustomTextField.swift */,
				10C95A1F25B115AC0056EC9E /* CustomSecureField.swift */,
			);
			path = CustomComponents;
			sourceTree = "<group>";
		};
		10C95A0B25B111FE0056EC9E /* AuthView */ = {
			isa = PBXGroup;
			children = (
				10C95A0D25B1120B0056EC9E /* LoginView.swift */,
				10C95A1125B112F80056EC9E /* SignupView.swift */,
			);
			path = AuthView;
			sourceTree = "<group>";
		};
		10C95A1425B113490056EC9E /* Model */ = {
			isa = PBXGroup;
			children = (
				10C95A1625B1135E0056EC9E /* User.swift */,
			);
			path = Model;
			sourceTree = "<group>";
		};
		10C95A1925B113910056EC9E /* ModelView */ = {
			isa = PBXGroup;
			children = (
				10C95A1A25B113A10056EC9E /* Auth.swift */,
			);
			path = ModelView;
			sourceTree = "<group>";
		};
/* End PBXGroup section */

/* Begin PBXNativeTarget section */
		10C959CB25B0F0970056EC9E /* TodoApp */ = {
			isa = PBXNativeTarget;
			buildConfigurationList = 10C959DB25B0F09B0056EC9E /* Build configuration list for PBXNativeTarget "TodoApp" */;
			buildPhases = (
				10C959C825B0F0970056EC9E /* Sources */,
				10C959C925B0F0970056EC9E /* Frameworks */,
				10C959CA25B0F0970056EC9E /* Resources */,
			);
			buildRules = (
			);
			dependencies = (
			);
			name = TodoApp;
			packageProductDependencies = (
				10C95A0225B111E40056EC9E /* FirebaseFunctions */,
				10C95A0425B111E40056EC9E /* FirebaseStorage */,
				10C95A0625B111E40056EC9E /* FirebaseAuth */,
				10C95A0825B111E40056EC9E /* FirebaseFirestore */,
			);
			productName = TodoApp;
			productReference = 10C959CC25B0F0970056EC9E /* TodoApp.app */;
			productType = "com.apple.product-type.application";
		};
/* End PBXNativeTarget section */

/* Begin PBXProject section */
		10C959C425B0F0970056EC9E /* Project object */ = {
			isa = PBXProject;
			attributes = {
				LastSwiftUpdateCheck = 1230;
				LastUpgradeCheck = 1230;
				TargetAttributes = {
					10C959CB25B0F0970056EC9E = {
						CreatedOnToolsVersion = 12.3;
					};
				};
			};
			buildConfigurationList = 10C959C725B0F0970056EC9E /* Build configuration list for PBXProject "TodoApp" */;
			compatibilityVersion = "Xcode 9.3";
			developmentRegion = en;
			hasScannedForEncodings = 0;
			knownRegions = (
				en,
				Base,
			);
			mainGroup = 10C959C325B0F0970056EC9E;
			packageReferences = (
				10C95A0125B111E40056EC9E /* XCRemoteSwiftPackageReference "firebase-ios-sdk" */,
			);
			productRefGroup = 10C959CD25B0F0970056EC9E /* Products */;
			projectDirPath = "";
			projectRoot = "";
			targets = (
				10C959CB25B0F0970056EC9E /* TodoApp */,
			);
		};
/* End PBXProject section */

/* Begin PBXResourcesBuildPhase section */
		10C959CA25B0F0970056EC9E /* Resources */ = {
			isa = PBXResourcesBuildPhase;
			buildActionMask = 2147483647;
			files = (
				10C959D725B0F09B0056EC9E /* Preview Assets.xcassets in Resources */,
				10C959D425B0F09B0056EC9E /* Assets.xcassets in Resources */,
				10C959FF25B10BC70056EC9E /* GoogleService-Info.plist in Resources */,
			);
			runOnlyForDeploymentPostprocessing = 0;
		};
/* End PBXResourcesBuildPhase section */

/* Begin PBXSourcesBuildPhase section */
		10C959C825B0F0970056EC9E /* Sources */ = {
			isa = PBXSourcesBuildPhase;
			buildActionMask = 2147483647;
			files = (
				10C95A2025B115AC0056EC9E /* CustomSecureField.swift in Sources */,
				10C95A1B25B113A10056EC9E /* Auth.swift in Sources */,
				10C959F225B0F85C0056EC9E /* CustomSearchbar.swift in Sources */,
				10C959EF25B0F4E10056EC9E /* SearchTodos.swift in Sources */,
				10C959F525B0F9370056EC9E /* TodoView.swift in Sources */,
				10C959D225B0F0970056EC9E /* ContentView.swift in Sources */,
				10C95A0E25B1120B0056EC9E /* LoginView.swift in Sources */,
				10C959FC25B100F70056EC9E /* NewTodo.swift in Sources */,
				10C959E625B0F2760056EC9E /* DoneTodos.swift in Sources */,
				10C959E325B0F2690056EC9E /* TodoList.swift in Sources */,
				10C95A1725B1135E0056EC9E /* User.swift in Sources */,
				10C959D025B0F0970056EC9E /* TodoAppApp.swift in Sources */,
				10C95A1225B112F80056EC9E /* SignupView.swift in Sources */,
				10C959F825B0F97B0056EC9E /* TodoCell.swift in Sources */,
				101186FD25B3872B009F1E47 /* CustomTextField.swift in Sources */,
			);
			runOnlyForDeploymentPostprocessing = 0;
		};
/* End PBXSourcesBuildPhase section */

/* Begin XCBuildConfiguration section */
		10C959D925B0F09B0056EC9E /* Debug */ = {
			isa = XCBuildConfiguration;
			buildSettings = {
				ALWAYS_SEARCH_USER_PATHS = NO;
				CLANG_ANALYZER_NONNULL = YES;
				CLANG_ANALYZER_NUMBER_OBJECT_CONVERSION = YES_AGGRESSIVE;
				CLANG_CXX_LANGUAGE_STANDARD = "gnu++14";
				CLANG_CXX_LIBRARY = "libc++";
				CLANG_ENABLE_MODULES = YES;
				CLANG_ENABLE_OBJC_ARC = YES;
				CLANG_ENABLE_OBJC_WEAK = YES;
				CLANG_WARN_BLOCK_CAPTURE_AUTORELEASING = YES;
				CLANG_WARN_BOOL_CONVERSION = YES;
				CLANG_WARN_COMMA = YES;
				CLANG_WARN_CONSTANT_CONVERSION = YES;
				CLANG_WARN_DEPRECATED_OBJC_IMPLEMENTATIONS = YES;
				CLANG_WARN_DIRECT_OBJC_ISA_USAGE = YES_ERROR;
				CLANG_WARN_DOCUMENTATION_COMMENTS = YES;
				CLANG_WARN_EMPTY_BODY = YES;
				CLANG_WARN_ENUM_CONVERSION = YES;
				CLANG_WARN_INFINITE_RECURSION = YES;
				CLANG_WARN_INT_CONVERSION = YES;
				CLANG_WARN_NON_LITERAL_NULL_CONVERSION = YES;
				CLANG_WARN_OBJC_IMPLICIT_RETAIN_SELF = YES;
				CLANG_WARN_OBJC_LITERAL_CONVERSION = YES;
				CLANG_WARN_OBJC_ROOT_CLASS = YES_ERROR;
				CLANG_WARN_QUOTED_INCLUDE_IN_FRAMEWORK_HEADER = YES;
				CLANG_WARN_RANGE_LOOP_ANALYSIS = YES;
				CLANG_WARN_STRICT_PROTOTYPES = YES;
				CLANG_WARN_SUSPICIOUS_MOVE = YES;
				CLANG_WARN_UNGUARDED_AVAILABILITY = YES_AGGRESSIVE;
				CLANG_WARN_UNREACHABLE_CODE = YES;
				CLANG_WARN__DUPLICATE_METHOD_MATCH = YES;
				COPY_PHASE_STRIP = NO;
				DEBUG_INFORMATION_FORMAT = dwarf;
				ENABLE_STRICT_OBJC_MSGSEND = YES;
				ENABLE_TESTABILITY = YES;
				GCC_C_LANGUAGE_STANDARD = gnu11;
				GCC_DYNAMIC_NO_PIC = NO;
				GCC_NO_COMMON_BLOCKS = YES;
				GCC_OPTIMIZATION_LEVEL = 0;
				GCC_PREPROCESSOR_DEFINITIONS = (
					"DEBUG=1",
					"$(inherited)",
				);
				GCC_WARN_64_TO_32_BIT_CONVERSION = YES;
				GCC_WARN_ABOUT_RETURN_TYPE = YES_ERROR;
				GCC_WARN_UNDECLARED_SELECTOR = YES;
				GCC_WARN_UNINITIALIZED_AUTOS = YES_AGGRESSIVE;
				GCC_WARN_UNUSED_FUNCTION = YES;
				GCC_WARN_UNUSED_VARIABLE = YES;
				IPHONEOS_DEPLOYMENT_TARGET = 14.3;
				MTL_ENABLE_DEBUG_INFO = INCLUDE_SOURCE;
				MTL_FAST_MATH = YES;
				ONLY_ACTIVE_ARCH = YES;
				SDKROOT = iphoneos;
				SWIFT_ACTIVE_COMPILATION_CONDITIONS = DEBUG;
				SWIFT_OPTIMIZATION_LEVEL = "-Onone";
			};
			name = Debug;
		};
		10C959DA25B0F09B0056EC9E /* Release */ = {
			isa = XCBuildConfiguration;
			buildSettings = {
				ALWAYS_SEARCH_USER_PATHS = NO;
				CLANG_ANALYZER_NONNULL = YES;
				CLANG_ANALYZER_NUMBER_OBJECT_CONVERSION = YES_AGGRESSIVE;
				CLANG_CXX_LANGUAGE_STANDARD = "gnu++14";
				CLANG_CXX_LIBRARY = "libc++";
				CLANG_ENABLE_MODULES = YES;
				CLANG_ENABLE_OBJC_ARC = YES;
				CLANG_ENABLE_OBJC_WEAK = YES;
				CLANG_WARN_BLOCK_CAPTURE_AUTORELEASING = YES;
				CLANG_WARN_BOOL_CONVERSION = YES;
				CLANG_WARN_COMMA = YES;
				CLANG_WARN_CONSTANT_CONVERSION = YES;
				CLANG_WARN_DEPRECATED_OBJC_IMPLEMENTATIONS = YES;
				CLANG_WARN_DIRECT_OBJC_ISA_USAGE = YES_ERROR;
				CLANG_WARN_DOCUMENTATION_COMMENTS = YES;
				CLANG_WARN_EMPTY_BODY = YES;
				CLANG_WARN_ENUM_CONVERSION = YES;
				CLANG_WARN_INFINITE_RECURSION = YES;
				CLANG_WARN_INT_CONVERSION = YES;
				CLANG_WARN_NON_LITERAL_NULL_CONVERSION = YES;
				CLANG_WARN_OBJC_IMPLICIT_RETAIN_SELF = YES;
				CLANG_WARN_OBJC_LITERAL_CONVERSION = YES;
				CLANG_WARN_OBJC_ROOT_CLASS = YES_ERROR;
				CLANG_WARN_QUOTED_INCLUDE_IN_FRAMEWORK_HEADER = YES;
				CLANG_WARN_RANGE_LOOP_ANALYSIS = YES;
				CLANG_WARN_STRICT_PROTOTYPES = YES;
				CLANG_WARN_SUSPICIOUS_MOVE = YES;
				CLANG_WARN_UNGUARDED_AVAILABILITY = YES_AGGRESSIVE;
				CLANG_WARN_UNREACHABLE_CODE = YES;
				CLANG_WARN__DUPLICATE_METHOD_MATCH = YES;
				COPY_PHASE_STRIP = NO;
				DEBUG_INFORMATION_FORMAT = "dwarf-with-dsym";
				ENABLE_NS_ASSERTIONS = NO;
				ENABLE_STRICT_OBJC_MSGSEND = YES;
				GCC_C_LANGUAGE_STANDARD = gnu11;
				GCC_NO_COMMON_BLOCKS = YES;
				GCC_WARN_64_TO_32_BIT_CONVERSION = YES;
				GCC_WARN_ABOUT_RETURN_TYPE = YES_ERROR;
				GCC_WARN_UNDECLARED_SELECTOR = YES;
				GCC_WARN_UNINITIALIZED_AUTOS = YES_AGGRESSIVE;
				GCC_WARN_UNUSED_FUNCTION = YES;
				GCC_WARN_UNUSED_VARIABLE = YES;
				IPHONEOS_DEPLOYMENT_TARGET = 14.3;
				MTL_ENABLE_DEBUG_INFO = NO;
				MTL_FAST_MATH = YES;
				SDKROOT = iphoneos;
				SWIFT_COMPILATION_MODE = wholemodule;
				SWIFT_OPTIMIZATION_LEVEL = "-O";
				VALIDATE_PRODUCT = YES;
			};
			name = Release;
		};
		10C959DC25B0F09B0056EC9E /* Debug */ = {
			isa = XCBuildConfiguration;
			buildSettings = {
				ASSETCATALOG_COMPILER_APPICON_NAME = AppIcon;
				ASSETCATALOG_COMPILER_GLOBAL_ACCENT_COLOR_NAME = AccentColor;
				CODE_SIGN_STYLE = Automatic;
				DEVELOPMENT_ASSET_PATHS = "\"TodoApp/Preview Content\"";
				ENABLE_PREVIEWS = YES;
				INFOPLIST_FILE = TodoApp/Info.plist;
				IPHONEOS_DEPLOYMENT_TARGET = 14.0;
				LD_RUNPATH_SEARCH_PATHS = (
					"$(inherited)",
					"@executable_path/Frameworks",
				);
				PRODUCT_BUNDLE_IDENTIFIER = ca.sehmim.TodoApp;
				PRODUCT_NAME = "$(TARGET_NAME)";
				SWIFT_VERSION = 5.0;
				TARGETED_DEVICE_FAMILY = "1,2";
			};
			name = Debug;
		};
		10C959DD25B0F09B0056EC9E /* Release */ = {
			isa = XCBuildConfiguration;
			buildSettings = {
				ASSETCATALOG_COMPILER_APPICON_NAME = AppIcon;
				ASSETCATALOG_COMPILER_GLOBAL_ACCENT_COLOR_NAME = AccentColor;
				CODE_SIGN_STYLE = Automatic;
				DEVELOPMENT_ASSET_PATHS = "\"TodoApp/Preview Content\"";
				ENABLE_PREVIEWS = YES;
				INFOPLIST_FILE = TodoApp/Info.plist;
				IPHONEOS_DEPLOYMENT_TARGET = 14.0;
				LD_RUNPATH_SEARCH_PATHS = (
					"$(inherited)",
					"@executable_path/Frameworks",
				);
				PRODUCT_BUNDLE_IDENTIFIER = ca.sehmim.TodoApp;
				PRODUCT_NAME = "$(TARGET_NAME)";
				SWIFT_VERSION = 5.0;
				TARGETED_DEVICE_FAMILY = "1,2";
			};
			name = Release;
		};
/* End XCBuildConfiguration section */

/* Begin XCConfigurationList section */
		10C959C725B0F0970056EC9E /* Build configuration list for PBXProject "TodoApp" */ = {
			isa = XCConfigurationList;
			buildConfigurations = (
				10C959D925B0F09B0056EC9E /* Debug */,
				10C959DA25B0F09B0056EC9E /* Release */,
			);
			defaultConfigurationIsVisible = 0;
			defaultConfigurationName = Release;
		};
		10C959DB25B0F09B0056EC9E /* Build configuration list for PBXNativeTarget "TodoApp" */ = {
			isa = XCConfigurationList;
			buildConfigurations = (
				10C959DC25B0F09B0056EC9E /* Debug */,
				10C959DD25B0F09B0056EC9E /* Release */,
			);
			defaultConfigurationIsVisible = 0;
			defaultConfigurationName = Release;
		};
/* End XCConfigurationList section */

/* Begin XCRemoteSwiftPackageReference section */
		10C95A0125B111E40056EC9E /* XCRemoteSwiftPackageReference "firebase-ios-sdk" */ = {
			isa = XCRemoteSwiftPackageReference;
			repositoryURL = "https://github.com/firebase/firebase-ios-sdk.git";
			requirement = {
				kind = upToNextMajorVersion;
				minimumVersion = 7.4.0;
			};
		};
/* End XCRemoteSwiftPackageReference section */

/* Begin XCSwiftPackageProductDependency section */
		10C95A0225B111E40056EC9E /* FirebaseFunctions */ = {
			isa = XCSwiftPackageProductDependency;
			package = 10C95A0125B111E40056EC9E /* XCRemoteSwiftPackageReference "firebase-ios-sdk" */;
			productName = FirebaseFunctions;
		};
		10C95A0425B111E40056EC9E /* FirebaseStorage */ = {
			isa = XCSwiftPackageProductDependency;
			package = 10C95A0125B111E40056EC9E /* XCRemoteSwiftPackageReference "firebase-ios-sdk" */;
			productName = FirebaseStorage;
		};
		10C95A0625B111E40056EC9E /* FirebaseAuth */ = {
			isa = XCSwiftPackageProductDependency;
			package = 10C95A0125B111E40056EC9E /* XCRemoteSwiftPackageReference "firebase-ios-sdk" */;
			productName = FirebaseAuth;
		};
		10C95A0825B111E40056EC9E /* FirebaseFirestore */ = {
			isa = XCSwiftPackageProductDependency;
			package = 10C95A0125B111E40056EC9E /* XCRemoteSwiftPackageReference "firebase-ios-sdk" */;
			productName = FirebaseFirestore;
		};
/* End XCSwiftPackageProductDependency section */
	};
	rootObject = 10C959C425B0F0970056EC9E /* Project object */;
}
